{
  "name": "@pylonide/dryice",
  "version": "0.6.0",
  "lockfileVersion": 3,
  "requires": true,
  "packages": {
    "": {
      "name": "@pylonide/dryice",
      "version": "0.6.0",
      "license": "Apache-2.0",
      "dependencies": {
        "uglify-js": "^3.13.3"
      },
      "engines": {
        "node": ">= 18.18.2"
      }
    },
    "node_modules/uglify-js": {
      "version": "3.19.1",
      "resolved": "https://registry.npmjs.org/uglify-js/-/uglify-js-3.19.1.tgz",
      "integrity": "sha512-y/2wiW+ceTYR2TSSptAhfnEtpLaQ4Ups5zrjB2d3kuVxHj16j/QJwPl5PvuGy9uARb39J0+iKxcRPvtpsx4A4A==",
      "bin": {
        "uglifyjs": "bin/uglifyjs"
      },
      "engines": {
        "node": ">=0.8.0"
      }
    }
  }
}
