{
  "name": "@pylonide/dryice",
  "version": "0.5.3",
  "lockfileVersion": 1,
  "requires": true,
  "dependencies": {
    "uglify-js": {
      "version": "3.12.3",
      "resolved": "https://registry.npmjs.org/uglify-js/-/uglify-js-3.12.3.tgz",
      "integrity": "sha512-feZzR+kIcSVuLi3s/0x0b2Tx4Iokwqt+8PJM7yRHKuldg4MLdam4TCFeICv+lgDtuYiCtdmrtIP+uN9LWvDasw=="
    }
  }
}
