{
  "name": "@pylonide/dryice",
  "version": "0.5.4",
  "lockfileVersion": 1,
  "requires": true,
  "dependencies": {
    "uglify-js": {
      "version": "3.14.4",
      "resolved": "https://registry.npmjs.org/uglify-js/-/uglify-js-3.14.4.tgz",
      "integrity": "sha512-AbiSR44J0GoCeV81+oxcy/jDOElO2Bx3d0MfQCUShq7JRXaM4KtQopZsq2vFv8bCq2yMaGrw1FgygUd03RyRDA=="
    }
  }
}
